{
    "_readme": [
        "This file locks the dependencies of your project to a known state",
        "Read more about it at https://getcomposer.org/doc/01-basic-usage.md#installing-dependencies",
        "This file is @generated automatically"
    ],
    "content-hash": "b137c376c5b9995c454db0aa8403b405",
    "packages": [],
    "packages-dev": [
        {
            "name": "fullcalendar/fullcalendar",
            "version": "master",
            "source": {
                "type": "git",
                "url": "https://github.com/fullcalendar/fullcalendar.git",
                "reference": "master"
            },
            "type": "library",
            "time": "2018-04-04T19:51:57+00:00"
        }
    ],
    "aliases": [],
    "minimum-stability": "dev",
    "stability-flags": [],
    "prefer-stable": false,
    "prefer-lowest": false,
    "platform": [],
    "platform-dev": []
}
